// !$*UTF8*$!
{
	archiveVersion = 1;
	classes = {
	};
	objectVersion = 50;
	objects = {

/* Begin PBXBuildFile section */
		7D6D8D77210B64FB005CDC61 /* AppDelegate.swift in Sources */ = {isa = PBXBuildFile; fileRef = 7D6D8D76210B64FB005CDC61 /* AppDelegate.swift */; };
		7D6D8D79210B64FB005CDC61 /* ViewController.swift in Sources */ = {isa = PBXBuildFile; fileRef = 7D6D8D78210B64FB005CDC61 /* ViewController.swift */; };
		7D6D8D7C210B64FB005CDC61 /* Main.storyboard in Resources */ = {isa = PBXBuildFile; fileRef = 7D6D8D7A210B64FB005CDC61 /* Main.storyboard */; };
		7D6D8D7F210B64FB005CDC61 /* photo_app.xcdatamodeld in Sources */ = {isa = PBXBuildFile; fileRef = 7D6D8D7D210B64FB005CDC61 /* photo_app.xcdatamodeld */; };
		7D6D8D81210B64FB005CDC61 /* Assets.xcassets in Resources */ = {isa = PBXBuildFile; fileRef = 7D6D8D80210B64FB005CDC61 /* Assets.xcassets */; };
		7D6D8D84210B64FB005CDC61 /* LaunchScreen.storyboard in Resources */ = {isa = PBXBuildFile; fileRef = 7D6D8D82210B64FB005CDC61 /* LaunchScreen.storyboard */; };
		7D6D8D8C210B6C3E005CDC61 /* GalleryViewController.swift in Sources */ = {isa = PBXBuildFile; fileRef = 7D6D8D8B210B6C3E005CDC61 /* GalleryViewController.swift */; };
/* End PBXBuildFile section */

/* Begin PBXFileReference section */
		7D6D8D73210B64FB005CDC61 /* photo app.app */ = {isa = PBXFileReference; explicitFileType = wrapper.application; includeInIndex = 0; path = "photo app.app"; sourceTree = BUILT_PRODUCTS_DIR; };
		7D6D8D76210B64FB005CDC61 /* AppDelegate.swift */ = {isa = PBXFileReference; lastKnownFileType = sourcecode.swift; path = AppDelegate.swift; sourceTree = "<group>"; };
		7D6D8D78210B64FB005CDC61 /* ViewController.swift */ = {isa = PBXFileReference; lastKnownFileType = sourcecode.swift; path = ViewController.swift; sourceTree = "<group>"; };
		7D6D8D7B210B64FB005CDC61 /* Base */ = {isa = PBXFileReference; lastKnownFileType = file.storyboard; name = Base; path = Base.lproj/Main.storyboard; sourceTree = "<group>"; };
		7D6D8D7E210B64FB005CDC61 /* photo_app.xcdatamodel */ = {isa = PBXFileReference; lastKnownFileType = wrapper.xcdatamodel; path = photo_app.xcdatamodel; sourceTree = "<group>"; };
		7D6D8D80210B64FB005CDC61 /* Assets.xcassets */ = {isa = PBXFileReference; lastKnownFileType = folder.assetcatalog; path = Assets.xcassets; sourceTree = "<group>"; };
		7D6D8D83210B64FB005CDC61 /* Base */ = {isa = PBXFileReference; lastKnownFileType = file.storyboard; name = Base; path = Base.lproj/LaunchScreen.storyboard; sourceTree = "<group>"; };
		7D6D8D85210B64FB005CDC61 /* Info.plist */ = {isa = PBXFileReference; lastKnownFileType = text.plist.xml; path = Info.plist; sourceTree = "<group>"; };
		7D6D8D8B210B6C3E005CDC61 /* GalleryViewController.swift */ = {isa = PBXFileReference; lastKnownFileType = sourcecode.swift; path = GalleryViewController.swift; sourceTree = "<group>"; };
/* End PBXFileReference section */

/* Begin PBXFrameworksBuildPhase section */
		7D6D8D70210B64FB005CDC61 /* Frameworks */ = {
			isa = PBXFrameworksBuildPhase;
			buildActionMask = 2147483647;
			files = (
			);
			runOnlyForDeploymentPostprocessing = 0;
		};
/* End PBXFrameworksBuildPhase section */

/* Begin PBXGroup section */
		7D6D8D6A210B64FB005CDC61 = {
			isa = PBXGroup;
			children = (
				7D6D8D75210B64FB005CDC61 /* photo app */,
				7D6D8D74210B64FB005CDC61 /* Products */,
			);
			sourceTree = "<group>";
		};
		7D6D8D74210B64FB005CDC61 /* Products */ = {
			isa = PBXGroup;
			children = (
				7D6D8D73210B64FB005CDC61 /* photo app.app */,
			);
			name = Products;
			sourceTree = "<group>";
		};
		7D6D8D75210B64FB005CDC61 /* photo app */ = {
			isa = PBXGroup;
			children = (
				7D6D8D76210B64FB005CDC61 /* AppDelegate.swift */,
				7D6D8D8B210B6C3E005CDC61 /* GalleryViewController.swift */,
				7D6D8D78210B64FB005CDC61 /* ViewController.swift */,
				7D6D8D7A210B64FB005CDC61 /* Main.storyboard */,
				7D6D8D80210B64FB005CDC61 /* Assets.xcassets */,
				7D6D8D82210B64FB005CDC61 /* LaunchScreen.storyboard */,
				7D6D8D85210B64FB005CDC61 /* Info.plist */,
				7D6D8D7D210B64FB005CDC61 /* photo_app.xcdatamodeld */,
			);
			path = "photo app";
			sourceTree = "<group>";
		};
/* End PBXGroup section */

/* Begin PBXNativeTarget section */
		7D6D8D72210B64FB005CDC61 /* photo app */ = {
			isa = PBXNativeTarget;
			buildConfigurationList = 7D6D8D88210B64FB005CDC61 /* Build configuration list for PBXNativeTarget "photo app" */;
			buildPhases = (
				7D6D8D6F210B64FB005CDC61 /* Sources */,
				7D6D8D70210B64FB005CDC61 /* Frameworks */,
				7D6D8D71210B64FB005CDC61 /* Resources */,
			);
			buildRules = (
			);
			dependencies = (
			);
			name = "photo app";
			productName = "photo app";
			productReference = 7D6D8D73210B64FB005CDC61 /* photo app.app */;
			productType = "com.apple.product-type.application";
		};
/* End PBXNativeTarget section */

/* Begin PBXProject section */
		7D6D8D6B210B64FB005CDC61 /* Project object */ = {
			isa = PBXProject;
			attributes = {
				LastSwiftUpdateCheck = 0940;
				LastUpgradeCheck = 0940;
				ORGANIZATIONNAME = "Darya Dahi";
				TargetAttributes = {
					7D6D8D72210B64FB005CDC61 = {
						CreatedOnToolsVersion = 9.4.1;
					};
				};
			};
			buildConfigurationList = 7D6D8D6E210B64FB005CDC61 /* Build configuration list for PBXProject "photo app" */;
			compatibilityVersion = "Xcode 9.3";
			developmentRegion = en;
			hasScannedForEncodings = 0;
			knownRegions = (
				en,
				Base,
			);
			mainGroup = 7D6D8D6A210B64FB005CDC61;
			productRefGroup = 7D6D8D74210B64FB005CDC61 /* Products */;
			projectDirPath = "";
			projectRoot = "";
			targets = (
				7D6D8D72210B64FB005CDC61 /* photo app */,
			);
		};
/* End PBXProject section */

/* Begin PBXResourcesBuildPhase section */
		7D6D8D71210B64FB005CDC61 /* Resources */ = {
			isa = PBXResourcesBuildPhase;
			buildActionMask = 2147483647;
			files = (
				7D6D8D84210B64FB005CDC61 /* LaunchScreen.storyboard in Resources */,
				7D6D8D81210B64FB005CDC61 /* Assets.xcassets in Resources */,
				7D6D8D7C210B64FB005CDC61 /* Main.storyboard in Resources */,
			);
			runOnlyForDeploymentPostprocessing = 0;
		};
/* End PBXResourcesBuildPhase section */

/* Begin PBXSourcesBuildPhase section */
		7D6D8D6F210B64FB005CDC61 /* Sources */ = {
			isa = PBXSourcesBuildPhase;
			buildActionMask = 2147483647;
			files = (
				7D6D8D79210B64FB005CDC61 /* ViewController.swift in Sources */,
				7D6D8D8C210B6C3E005CDC61 /* GalleryViewController.swift in Sources */,
				7D6D8D77210B64FB005CDC61 /* AppDelegate.swift in Sources */,
				7D6D8D7F210B64FB005CDC61 /* photo_app.xcdatamodeld in Sources */,
			);
			runOnlyForDeploymentPostprocessing = 0;
		};
/* End PBXSourcesBuildPhase section */

/* Begin PBXVariantGroup section */
		7D6D8D7A210B64FB005CDC61 /* Main.storyboard */ = {
			isa = PBXVariantGroup;
			children = (
				7D6D8D7B210B64FB005CDC61 /* Base */,
			);
			name = Main.storyboard;
			sourceTree = "<group>";
		};
		7D6D8D82210B64FB005CDC61 /* LaunchScreen.storyboard */ = {
			isa = PBXVariantGroup;
			children = (
				7D6D8D83210B64FB005CDC61 /* Base */,
			);
			name = LaunchScreen.storyboard;
			sourceTree = "<group>";
		};
/* End PBXVariantGroup section */

/* Begin XCBuildConfiguration section */
		7D6D8D86210B64FB005CDC61 /* Debug */ = {
			isa = XCBuildConfiguration;
			buildSettings = {
				ALWAYS_SEARCH_USER_PATHS = NO;
				CLANG_ANALYZER_NONNULL = YES;
				CLANG_ANALYZER_NUMBER_OBJECT_CONVERSION = YES_AGGRESSIVE;
				CLANG_CXX_LANGUAGE_STANDARD = "gnu++14";
				CLANG_CXX_LIBRARY = "libc++";
				CLANG_ENABLE_MODULES = YES;
				CLANG_ENABLE_OBJC_ARC = YES;
				CLANG_ENABLE_OBJC_WEAK = YES;
				CLANG_WARN_BLOCK_CAPTURE_AUTORELEASING = YES;
				CLANG_WARN_BOOL_CONVERSION = YES;
				CLANG_WARN_COMMA = YES;
				CLANG_WARN_CONSTANT_CONVERSION = YES;
				CLANG_WARN_DEPRECATED_OBJC_IMPLEMENTATIONS = YES;
				CLANG_WARN_DIRECT_OBJC_ISA_USAGE = YES_ERROR;
				CLANG_WARN_DOCUMENTATION_COMMENTS = YES;
				CLANG_WARN_EMPTY_BODY = YES;
				CLANG_WARN_ENUM_CONVERSION = YES;
				CLANG_WARN_INFINITE_RECURSION = YES;
				CLANG_WARN_INT_CONVERSION = YES;
				CLANG_WARN_NON_LITERAL_NULL_CONVERSION = YES;
				CLANG_WARN_OBJC_IMPLICIT_RETAIN_SELF = YES;
				CLANG_WARN_OBJC_LITERAL_CONVERSION = YES;
				CLANG_WARN_OBJC_ROOT_CLASS = YES_ERROR;
				CLANG_WARN_RANGE_LOOP_ANALYSIS = YES;
				CLANG_WARN_STRICT_PROTOTYPES = YES;
				CLANG_WARN_SUSPICIOUS_MOVE = YES;
				CLANG_WARN_UNGUARDED_AVAILABILITY = YES_AGGRESSIVE;
				CLANG_WARN_UNREACHABLE_CODE = YES;
				CLANG_WARN__DUPLICATE_METHOD_MATCH = YES;
				CODE_SIGN_IDENTITY = "iPhone Developer";
				COPY_PHASE_STRIP = NO;
				DEBUG_INFORMATION_FORMAT = dwarf;
				ENABLE_STRICT_OBJC_MSGSEND = YES;
				ENABLE_TESTABILITY = YES;
				GCC_C_LANGUAGE_STANDARD = gnu11;
				GCC_DYNAMIC_NO_PIC = NO;
				GCC_NO_COMMON_BLOCKS = YES;
				GCC_OPTIMIZATION_LEVEL = 0;
				GCC_PREPROCESSOR_DEFINITIONS = (
					"DEBUG=1",
					"$(inherited)",
				);
				GCC_WARN_64_TO_32_BIT_CONVERSION = YES;
				GCC_WARN_ABOUT_RETURN_TYPE = YES_ERROR;
				GCC_WARN_UNDECLARED_SELECTOR = YES;
				GCC_WARN_UNINITIALIZED_AUTOS = YES_AGGRESSIVE;
				GCC_WARN_UNUSED_FUNCTION = YES;
				GCC_WARN_UNUSED_VARIABLE = YES;
				IPHONEOS_DEPLOYMENT_TARGET = 11.4;
				MTL_ENABLE_DEBUG_INFO = YES;
				ONLY_ACTIVE_ARCH = YES;
				SDKROOT = iphoneos;
				SWIFT_ACTIVE_COMPILATION_CONDITIONS = DEBUG;
				SWIFT_OPTIMIZATION_LEVEL = "-Onone";
			};
			name = Debug;
		};
		7D6D8D87210B64FB005CDC61 /* Release */ = {
			isa = XCBuildConfiguration;
			buildSettings = {
				ALWAYS_SEARCH_USER_PATHS = NO;
				CLANG_ANALYZER_NONNULL = YES;
				CLANG_ANALYZER_NUMBER_OBJECT_CONVERSION = YES_AGGRESSIVE;
				CLANG_CXX_LANGUAGE_STANDARD = "gnu++14";
				CLANG_CXX_LIBRARY = "libc++";
				CLANG_ENABLE_MODULES = YES;
				CLANG_ENABLE_OBJC_ARC = YES;
				CLANG_ENABLE_OBJC_WEAK = YES;
				CLANG_WARN_BLOCK_CAPTURE_AUTORELEASING = YES;
				CLANG_WARN_BOOL_CONVERSION = YES;
				CLANG_WARN_COMMA = YES;
				CLANG_WARN_CONSTANT_CONVERSION = YES;
				CLANG_WARN_DEPRECATED_OBJC_IMPLEMENTATIONS = YES;
				CLANG_WARN_DIRECT_OBJC_ISA_USAGE = YES_ERROR;
				CLANG_WARN_DOCUMENTATION_COMMENTS = YES;
				CLANG_WARN_EMPTY_BODY = YES;
				CLANG_WARN_ENUM_CONVERSION = YES;
				CLANG_WARN_INFINITE_RECURSION = YES;
				CLANG_WARN_INT_CONVERSION = YES;
				CLANG_WARN_NON_LITERAL_NULL_CONVERSION = YES;
				CLANG_WARN_OBJC_IMPLICIT_RETAIN_SELF = YES;
				CLANG_WARN_OBJC_LITERAL_CONVERSION = YES;
				CLANG_WARN_OBJC_ROOT_CLASS = YES_ERROR;
				CLANG_WARN_RANGE_LOOP_ANALYSIS = YES;
				CLANG_WARN_STRICT_PROTOTYPES = YES;
				CLANG_WARN_SUSPICIOUS_MOVE = YES;
				CLANG_WARN_UNGUARDED_AVAILABILITY = YES_AGGRESSIVE;
				CLANG_WARN_UNREACHABLE_CODE = YES;
				CLANG_WARN__DUPLICATE_METHOD_MATCH = YES;
				CODE_SIGN_IDENTITY = "iPhone Developer";
				COPY_PHASE_STRIP = NO;
				DEBUG_INFORMATION_FORMAT = "dwarf-with-dsym";
				ENABLE_NS_ASSERTIONS = NO;
				ENABLE_STRICT_OBJC_MSGSEND = YES;
				GCC_C_LANGUAGE_STANDARD = gnu11;
				GCC_NO_COMMON_BLOCKS = YES;
				GCC_WARN_64_TO_32_BIT_CONVERSION = YES;
				GCC_WARN_ABOUT_RETURN_TYPE = YES_ERROR;
				GCC_WARN_UNDECLARED_SELECTOR = YES;
				GCC_WARN_UNINITIALIZED_AUTOS = YES_AGGRESSIVE;
				GCC_WARN_UNUSED_FUNCTION = YES;
				GCC_WARN_UNUSED_VARIABLE = YES;
				IPHONEOS_DEPLOYMENT_TARGET = 11.4;
				MTL_ENABLE_DEBUG_INFO = NO;
				SDKROOT = iphoneos;
				SWIFT_COMPILATION_MODE = wholemodule;
				SWIFT_OPTIMIZATION_LEVEL = "-O";
				VALIDATE_PRODUCT = YES;
			};
			name = Release;
		};
		7D6D8D89210B64FB005CDC61 /* Debug */ = {
			isa = XCBuildConfiguration;
			buildSettings = {
				ASSETCATALOG_COMPILER_APPICON_NAME = AppIcon;
				CODE_SIGN_STYLE = Automatic;
				DEVELOPMENT_TEAM = D3AA43U5QA;
				INFOPLIST_FILE = "photo app/Info.plist";
				IPHONEOS_DEPLOYMENT_TARGET = 11.2;
				LD_RUNPATH_SEARCH_PATHS = (
					"$(inherited)",
					"@executable_path/Frameworks",
				);
				PRODUCT_BUNDLE_IDENTIFIER = "ddahi.photo-app";
				PRODUCT_NAME = "$(TARGET_NAME)";
				SWIFT_VERSION = 4.0;
				TARGETED_DEVICE_FAMILY = "1,2";
			};
			name = Debug;
		};
		7D6D8D8A210B64FB005CDC61 /* Release */ = {
			isa = XCBuildConfiguration;
			buildSettings = {
				ASSETCATALOG_COMPILER_APPICON_NAME = AppIcon;
				CODE_SIGN_STYLE = Automatic;
				DEVELOPMENT_TEAM = D3AA43U5QA;
				INFOPLIST_FILE = "photo app/Info.plist";
				IPHONEOS_DEPLOYMENT_TARGET = 11.2;
				LD_RUNPATH_SEARCH_PATHS = (
					"$(inherited)",
					"@executable_path/Frameworks",
				);
				PRODUCT_BUNDLE_IDENTIFIER = "ddahi.photo-app";
				PRODUCT_NAME = "$(TARGET_NAME)";
				SWIFT_VERSION = 4.0;
				TARGETED_DEVICE_FAMILY = "1,2";
			};
			name = Release;
		};
/* End XCBuildConfiguration section */

/* Begin XCConfigurationList section */
		7D6D8D6E210B64FB005CDC61 /* Build configuration list for PBXProject "photo app" */ = {
			isa = XCConfigurationList;
			buildConfigurations = (
				7D6D8D86210B64FB005CDC61 /* Debug */,
				7D6D8D87210B64FB005CDC61 /* Release */,
			);
			defaultConfigurationIsVisible = 0;
			defaultConfigurationName = Release;
		};
		7D6D8D88210B64FB005CDC61 /* Build configuration list for PBXNativeTarget "photo app" */ = {
			isa = XCConfigurationList;
			buildConfigurations = (
				7D6D8D89210B64FB005CDC61 /* Debug */,
				7D6D8D8A210B64FB005CDC61 /* Release */,
			);
			defaultConfigurationIsVisible = 0;
			defaultConfigurationName = Release;
		};
/* End XCConfigurationList section */

/* Begin XCVersionGroup section */
		7D6D8D7D210B64FB005CDC61 /* photo_app.xcdatamodeld */ = {
			isa = XCVersionGroup;
			children = (
				7D6D8D7E210B64FB005CDC61 /* photo_app.xcdatamodel */,
			);
			currentVersion = 7D6D8D7E210B64FB005CDC61 /* photo_app.xcdatamodel */;
			path = photo_app.xcdatamodeld;
			sourceTree = "<group>";
			versionGroupType = wrapper.xcdatamodel;
		};
/* End XCVersionGroup section */
	};
	rootObject = 7D6D8D6B210B64FB005CDC61 /* Project object */;
}
